
Microsoft Visual Studio Solution File, Format Version 12.00
# Visual Studio Version 17
VisualStudioVersion = 17.3.32819.101
MinimumVisualStudioVersion = 10.0.40219.1
Project("{FAE04EC0-301F-11D3-BF4B-00C04F79EFBC}") = "MEAMS", "MEAMS\MEAMS.csproj", "{B5D393C0-916B-45C3-8305-7974C3C1644E}"
EndProject
Global
	GlobalSection(SolutionConfigurationPlatforms) = preSolution
		Debug|Any CPU = Debug|Any CPU
		Release|Any CPU = Release|Any CPU
	EndGlobalSection
	GlobalSection(ProjectConfigurationPlatforms) = postSolution
		{B5D393C0-916B-45C3-8305-7974C3C1644E}.Debug|Any CPU.ActiveCfg = Debug|Any CPU
		{B5D393C0-916B-45C3-8305-7974C3C1644E}.Debug|Any CPU.Build.0 = Debug|Any CPU
		{B5D393C0-916B-45C3-8305-7974C3C1644E}.Release|Any CPU.ActiveCfg = Release|Any CPU
		{B5D393C0-916B-45C3-8305-7974C3C1644E}.Release|Any CPU.Build.0 = Release|Any CPU
	EndGlobalSection
	GlobalSection(SolutionProperties) = preSolution
		HideSolutionNode = FALSE
	EndGlobalSection
	GlobalSection(ExtensibilityGlobals) = postSolution
		SolutionGuid = {E1E2F718-8244-4A3E-AD64-39E1E0AC0546}
	EndGlobalSection
EndGlobal
